
Microsoft Visual Studio Solution File, Format Version 12.00
# Visual Studio 2012
Project("{FAE04EC0-301F-11D3-BF4B-00C04F79EFBC}") = "Lithium", "Lithium\Lithium.csproj", "{BA9942A5-60C2-4C50-9FF8-40CAC53ACEE1}"
EndProject
Project("{FAE04EC0-301F-11D3-BF4B-00C04F79EFBC}") = "Lithium.Tests", "Lithium.Tests\Lithium.Tests.csproj", "{ABE780C6-F730-494A-9EDC-98FF46B225B4}"
EndProject
Project("{2150E333-8FDC-42A3-9474-1A3956D46DE8}") = "Reference", "Reference", "{0C9E246B-58B8-45EE-A163-0899E1BD4AAC}"
EndProject
Project("{FAE04EC0-301F-11D3-BF4B-00C04F79EFBC}") = "Antlr4.Runtime.v4.5", "..\..\..\Git\antlr4cs\runtime\CSharp\Antlr4.Runtime\Antlr4.Runtime.v4.5.csproj", "{E1D192DE-5347-48C4-A9F4-A8CBA2AF3869}"
EndProject
Project("{FAE04EC0-301F-11D3-BF4B-00C04F79EFBC}") = "Irony", "..\..\Libraries\Irony\Irony\Irony.csproj", "{D81F5C91-D7DB-46E5-BC99-49488FB6814C}"
EndProject
Project("{FAE04EC0-301F-11D3-BF4B-00C04F79EFBC}") = "030.Irony.GrammarExplorer.2010", "..\..\Libraries\Irony\Irony.GrammarExplorer\030.Irony.GrammarExplorer.2010.csproj", "{AE1C04A8-B03D-4144-98E9-BF66C50265E7}"
EndProject
Project("{FAE04EC0-301F-11D3-BF4B-00C04F79EFBC}") = "015.Irony.Interpreter.2010", "..\..\Libraries\Irony\Irony.Interpreter\015.Irony.Interpreter.2010.csproj", "{321A7F5D-00C2-4095-9970-075CDEE8C139}"
EndProject
Global
	GlobalSection(SolutionConfigurationPlatforms) = preSolution
		AndroidDebug|Any CPU = AndroidDebug|Any CPU
		AndroidRelease|Any CPU = AndroidRelease|Any CPU
		Debug|Any CPU = Debug|Any CPU
		FxCop|Any CPU = FxCop|Any CPU
		Release|Any CPU = Release|Any CPU
		Silverlight4Debug|Any CPU = Silverlight4Debug|Any CPU
		Silverlight4Release|Any CPU = Silverlight4Release|Any CPU
		Silverlight5Debug|Any CPU = Silverlight5Debug|Any CPU
		Silverlight5Release|Any CPU = Silverlight5Release|Any CPU
		v2Debug|Any CPU = v2Debug|Any CPU
		v2Release|Any CPU = v2Release|Any CPU
		Win8Debug|Any CPU = Win8Debug|Any CPU
		Win8Release|Any CPU = Win8Release|Any CPU
		WP7Debug|Any CPU = WP7Debug|Any CPU
		WP7Release|Any CPU = WP7Release|Any CPU
	EndGlobalSection
	GlobalSection(ProjectConfigurationPlatforms) = postSolution
		{BA9942A5-60C2-4C50-9FF8-40CAC53ACEE1}.AndroidDebug|Any CPU.ActiveCfg = Debug|Any CPU
		{BA9942A5-60C2-4C50-9FF8-40CAC53ACEE1}.AndroidDebug|Any CPU.Build.0 = Debug|Any CPU
		{BA9942A5-60C2-4C50-9FF8-40CAC53ACEE1}.AndroidRelease|Any CPU.ActiveCfg = Release|Any CPU
		{BA9942A5-60C2-4C50-9FF8-40CAC53ACEE1}.AndroidRelease|Any CPU.Build.0 = Release|Any CPU
		{BA9942A5-60C2-4C50-9FF8-40CAC53ACEE1}.Debug|Any CPU.ActiveCfg = Debug|Any CPU
		{BA9942A5-60C2-4C50-9FF8-40CAC53ACEE1}.Debug|Any CPU.Build.0 = Debug|Any CPU
		{BA9942A5-60C2-4C50-9FF8-40CAC53ACEE1}.FxCop|Any CPU.ActiveCfg = Release|Any CPU
		{BA9942A5-60C2-4C50-9FF8-40CAC53ACEE1}.FxCop|Any CPU.Build.0 = Release|Any CPU
		{BA9942A5-60C2-4C50-9FF8-40CAC53ACEE1}.Release|Any CPU.ActiveCfg = Release|Any CPU
		{BA9942A5-60C2-4C50-9FF8-40CAC53ACEE1}.Release|Any CPU.Build.0 = Release|Any CPU
		{BA9942A5-60C2-4C50-9FF8-40CAC53ACEE1}.Silverlight4Debug|Any CPU.ActiveCfg = Debug|Any CPU
		{BA9942A5-60C2-4C50-9FF8-40CAC53ACEE1}.Silverlight4Debug|Any CPU.Build.0 = Debug|Any CPU
		{BA9942A5-60C2-4C50-9FF8-40CAC53ACEE1}.Silverlight4Release|Any CPU.ActiveCfg = Release|Any CPU
		{BA9942A5-60C2-4C50-9FF8-40CAC53ACEE1}.Silverlight4Release|Any CPU.Build.0 = Release|Any CPU
		{BA9942A5-60C2-4C50-9FF8-40CAC53ACEE1}.Silverlight5Debug|Any CPU.ActiveCfg = Debug|Any CPU
		{BA9942A5-60C2-4C50-9FF8-40CAC53ACEE1}.Silverlight5Debug|Any CPU.Build.0 = Debug|Any CPU
		{BA9942A5-60C2-4C50-9FF8-40CAC53ACEE1}.Silverlight5Release|Any CPU.ActiveCfg = Release|Any CPU
		{BA9942A5-60C2-4C50-9FF8-40CAC53ACEE1}.Silverlight5Release|Any CPU.Build.0 = Release|Any CPU
		{BA9942A5-60C2-4C50-9FF8-40CAC53ACEE1}.v2Debug|Any CPU.ActiveCfg = Debug|Any CPU
		{BA9942A5-60C2-4C50-9FF8-40CAC53ACEE1}.v2Debug|Any CPU.Build.0 = Debug|Any CPU
		{BA9942A5-60C2-4C50-9FF8-40CAC53ACEE1}.v2Release|Any CPU.ActiveCfg = Release|Any CPU
		{BA9942A5-60C2-4C50-9FF8-40CAC53ACEE1}.v2Release|Any CPU.Build.0 = Release|Any CPU
		{BA9942A5-60C2-4C50-9FF8-40CAC53ACEE1}.Win8Debug|Any CPU.ActiveCfg = Debug|Any CPU
		{BA9942A5-60C2-4C50-9FF8-40CAC53ACEE1}.Win8Debug|Any CPU.Build.0 = Debug|Any CPU
		{BA9942A5-60C2-4C50-9FF8-40CAC53ACEE1}.Win8Release|Any CPU.ActiveCfg = Release|Any CPU
		{BA9942A5-60C2-4C50-9FF8-40CAC53ACEE1}.Win8Release|Any CPU.Build.0 = Release|Any CPU
		{BA9942A5-60C2-4C50-9FF8-40CAC53ACEE1}.WP7Debug|Any CPU.ActiveCfg = Debug|Any CPU
		{BA9942A5-60C2-4C50-9FF8-40CAC53ACEE1}.WP7Debug|Any CPU.Build.0 = Debug|Any CPU
		{BA9942A5-60C2-4C50-9FF8-40CAC53ACEE1}.WP7Release|Any CPU.ActiveCfg = Release|Any CPU
		{BA9942A5-60C2-4C50-9FF8-40CAC53ACEE1}.WP7Release|Any CPU.Build.0 = Release|Any CPU
		{ABE780C6-F730-494A-9EDC-98FF46B225B4}.AndroidDebug|Any CPU.ActiveCfg = Debug|Any CPU
		{ABE780C6-F730-494A-9EDC-98FF46B225B4}.AndroidDebug|Any CPU.Build.0 = Debug|Any CPU
		{ABE780C6-F730-494A-9EDC-98FF46B225B4}.AndroidRelease|Any CPU.ActiveCfg = Release|Any CPU
		{ABE780C6-F730-494A-9EDC-98FF46B225B4}.AndroidRelease|Any CPU.Build.0 = Release|Any CPU
		{ABE780C6-F730-494A-9EDC-98FF46B225B4}.Debug|Any CPU.ActiveCfg = Debug|Any CPU
		{ABE780C6-F730-494A-9EDC-98FF46B225B4}.Debug|Any CPU.Build.0 = Debug|Any CPU
		{ABE780C6-F730-494A-9EDC-98FF46B225B4}.FxCop|Any CPU.ActiveCfg = Release|Any CPU
		{ABE780C6-F730-494A-9EDC-98FF46B225B4}.FxCop|Any CPU.Build.0 = Release|Any CPU
		{ABE780C6-F730-494A-9EDC-98FF46B225B4}.Release|Any CPU.ActiveCfg = Release|Any CPU
		{ABE780C6-F730-494A-9EDC-98FF46B225B4}.Release|Any CPU.Build.0 = Release|Any CPU
		{ABE780C6-F730-494A-9EDC-98FF46B225B4}.Silverlight4Debug|Any CPU.ActiveCfg = Debug|Any CPU
		{ABE780C6-F730-494A-9EDC-98FF46B225B4}.Silverlight4Debug|Any CPU.Build.0 = Debug|Any CPU
		{ABE780C6-F730-494A-9EDC-98FF46B225B4}.Silverlight4Release|Any CPU.ActiveCfg = Release|Any CPU
		{ABE780C6-F730-494A-9EDC-98FF46B225B4}.Silverlight4Release|Any CPU.Build.0 = Release|Any CPU
		{ABE780C6-F730-494A-9EDC-98FF46B225B4}.Silverlight5Debug|Any CPU.ActiveCfg = Debug|Any CPU
		{ABE780C6-F730-494A-9EDC-98FF46B225B4}.Silverlight5Debug|Any CPU.Build.0 = Debug|Any CPU
		{ABE780C6-F730-494A-9EDC-98FF46B225B4}.Silverlight5Release|Any CPU.ActiveCfg = Release|Any CPU
		{ABE780C6-F730-494A-9EDC-98FF46B225B4}.Silverlight5Release|Any CPU.Build.0 = Release|Any CPU
		{ABE780C6-F730-494A-9EDC-98FF46B225B4}.v2Debug|Any CPU.ActiveCfg = Debug|Any CPU
		{ABE780C6-F730-494A-9EDC-98FF46B225B4}.v2Debug|Any CPU.Build.0 = Debug|Any CPU
		{ABE780C6-F730-494A-9EDC-98FF46B225B4}.v2Release|Any CPU.ActiveCfg = Release|Any CPU
		{ABE780C6-F730-494A-9EDC-98FF46B225B4}.v2Release|Any CPU.Build.0 = Release|Any CPU
		{ABE780C6-F730-494A-9EDC-98FF46B225B4}.Win8Debug|Any CPU.ActiveCfg = Debug|Any CPU
		{ABE780C6-F730-494A-9EDC-98FF46B225B4}.Win8Debug|Any CPU.Build.0 = Debug|Any CPU
		{ABE780C6-F730-494A-9EDC-98FF46B225B4}.Win8Release|Any CPU.ActiveCfg = Release|Any CPU
		{ABE780C6-F730-494A-9EDC-98FF46B225B4}.Win8Release|Any CPU.Build.0 = Release|Any CPU
		{ABE780C6-F730-494A-9EDC-98FF46B225B4}.WP7Debug|Any CPU.ActiveCfg = Debug|Any CPU
		{ABE780C6-F730-494A-9EDC-98FF46B225B4}.WP7Debug|Any CPU.Build.0 = Debug|Any CPU
		{ABE780C6-F730-494A-9EDC-98FF46B225B4}.WP7Release|Any CPU.ActiveCfg = Release|Any CPU
		{ABE780C6-F730-494A-9EDC-98FF46B225B4}.WP7Release|Any CPU.Build.0 = Release|Any CPU
		{E1D192DE-5347-48C4-A9F4-A8CBA2AF3869}.AndroidDebug|Any CPU.ActiveCfg = Debug|Any CPU
		{E1D192DE-5347-48C4-A9F4-A8CBA2AF3869}.AndroidDebug|Any CPU.Build.0 = Debug|Any CPU
		{E1D192DE-5347-48C4-A9F4-A8CBA2AF3869}.AndroidRelease|Any CPU.ActiveCfg = Release|Any CPU
		{E1D192DE-5347-48C4-A9F4-A8CBA2AF3869}.AndroidRelease|Any CPU.Build.0 = Release|Any CPU
		{E1D192DE-5347-48C4-A9F4-A8CBA2AF3869}.Debug|Any CPU.ActiveCfg = Debug|Any CPU
		{E1D192DE-5347-48C4-A9F4-A8CBA2AF3869}.Debug|Any CPU.Build.0 = Debug|Any CPU
		{E1D192DE-5347-48C4-A9F4-A8CBA2AF3869}.FxCop|Any CPU.ActiveCfg = Release|Any CPU
		{E1D192DE-5347-48C4-A9F4-A8CBA2AF3869}.FxCop|Any CPU.Build.0 = Release|Any CPU
		{E1D192DE-5347-48C4-A9F4-A8CBA2AF3869}.Release|Any CPU.ActiveCfg = Release|Any CPU
		{E1D192DE-5347-48C4-A9F4-A8CBA2AF3869}.Release|Any CPU.Build.0 = Release|Any CPU
		{E1D192DE-5347-48C4-A9F4-A8CBA2AF3869}.Silverlight4Debug|Any CPU.ActiveCfg = Debug|Any CPU
		{E1D192DE-5347-48C4-A9F4-A8CBA2AF3869}.Silverlight4Debug|Any CPU.Build.0 = Debug|Any CPU
		{E1D192DE-5347-48C4-A9F4-A8CBA2AF3869}.Silverlight4Release|Any CPU.ActiveCfg = Release|Any CPU
		{E1D192DE-5347-48C4-A9F4-A8CBA2AF3869}.Silverlight4Release|Any CPU.Build.0 = Release|Any CPU
		{E1D192DE-5347-48C4-A9F4-A8CBA2AF3869}.Silverlight5Debug|Any CPU.ActiveCfg = Debug|Any CPU
		{E1D192DE-5347-48C4-A9F4-A8CBA2AF3869}.Silverlight5Debug|Any CPU.Build.0 = Debug|Any CPU
		{E1D192DE-5347-48C4-A9F4-A8CBA2AF3869}.Silverlight5Release|Any CPU.ActiveCfg = Release|Any CPU
		{E1D192DE-5347-48C4-A9F4-A8CBA2AF3869}.Silverlight5Release|Any CPU.Build.0 = Release|Any CPU
		{E1D192DE-5347-48C4-A9F4-A8CBA2AF3869}.v2Debug|Any CPU.ActiveCfg = Debug|Any CPU
		{E1D192DE-5347-48C4-A9F4-A8CBA2AF3869}.v2Debug|Any CPU.Build.0 = Debug|Any CPU
		{E1D192DE-5347-48C4-A9F4-A8CBA2AF3869}.v2Release|Any CPU.ActiveCfg = Release|Any CPU
		{E1D192DE-5347-48C4-A9F4-A8CBA2AF3869}.v2Release|Any CPU.Build.0 = Release|Any CPU
		{E1D192DE-5347-48C4-A9F4-A8CBA2AF3869}.Win8Debug|Any CPU.ActiveCfg = Debug|Any CPU
		{E1D192DE-5347-48C4-A9F4-A8CBA2AF3869}.Win8Debug|Any CPU.Build.0 = Debug|Any CPU
		{E1D192DE-5347-48C4-A9F4-A8CBA2AF3869}.Win8Release|Any CPU.ActiveCfg = Release|Any CPU
		{E1D192DE-5347-48C4-A9F4-A8CBA2AF3869}.Win8Release|Any CPU.Build.0 = Release|Any CPU
		{E1D192DE-5347-48C4-A9F4-A8CBA2AF3869}.WP7Debug|Any CPU.ActiveCfg = Debug|Any CPU
		{E1D192DE-5347-48C4-A9F4-A8CBA2AF3869}.WP7Debug|Any CPU.Build.0 = Debug|Any CPU
		{E1D192DE-5347-48C4-A9F4-A8CBA2AF3869}.WP7Release|Any CPU.ActiveCfg = Release|Any CPU
		{E1D192DE-5347-48C4-A9F4-A8CBA2AF3869}.WP7Release|Any CPU.Build.0 = Release|Any CPU
		{D81F5C91-D7DB-46E5-BC99-49488FB6814C}.AndroidDebug|Any CPU.ActiveCfg = Debug|Any CPU
		{D81F5C91-D7DB-46E5-BC99-49488FB6814C}.AndroidDebug|Any CPU.Build.0 = Debug|Any CPU
		{D81F5C91-D7DB-46E5-BC99-49488FB6814C}.AndroidRelease|Any CPU.ActiveCfg = Release|Any CPU
		{D81F5C91-D7DB-46E5-BC99-49488FB6814C}.AndroidRelease|Any CPU.Build.0 = Release|Any CPU
		{D81F5C91-D7DB-46E5-BC99-49488FB6814C}.Debug|Any CPU.ActiveCfg = Debug|Any CPU
		{D81F5C91-D7DB-46E5-BC99-49488FB6814C}.Debug|Any CPU.Build.0 = Debug|Any CPU
		{D81F5C91-D7DB-46E5-BC99-49488FB6814C}.FxCop|Any CPU.ActiveCfg = Release|Any CPU
		{D81F5C91-D7DB-46E5-BC99-49488FB6814C}.FxCop|Any CPU.Build.0 = Release|Any CPU
		{D81F5C91-D7DB-46E5-BC99-49488FB6814C}.Release|Any CPU.ActiveCfg = Release|Any CPU
		{D81F5C91-D7DB-46E5-BC99-49488FB6814C}.Release|Any CPU.Build.0 = Release|Any CPU
		{D81F5C91-D7DB-46E5-BC99-49488FB6814C}.Silverlight4Debug|Any CPU.ActiveCfg = Debug|Any CPU
		{D81F5C91-D7DB-46E5-BC99-49488FB6814C}.Silverlight4Debug|Any CPU.Build.0 = Debug|Any CPU
		{D81F5C91-D7DB-46E5-BC99-49488FB6814C}.Silverlight4Release|Any CPU.ActiveCfg = Release|Any CPU
		{D81F5C91-D7DB-46E5-BC99-49488FB6814C}.Silverlight4Release|Any CPU.Build.0 = Release|Any CPU
		{D81F5C91-D7DB-46E5-BC99-49488FB6814C}.Silverlight5Debug|Any CPU.ActiveCfg = Debug|Any CPU
		{D81F5C91-D7DB-46E5-BC99-49488FB6814C}.Silverlight5Debug|Any CPU.Build.0 = Debug|Any CPU
		{D81F5C91-D7DB-46E5-BC99-49488FB6814C}.Silverlight5Release|Any CPU.ActiveCfg = Release|Any CPU
		{D81F5C91-D7DB-46E5-BC99-49488FB6814C}.Silverlight5Release|Any CPU.Build.0 = Release|Any CPU
		{D81F5C91-D7DB-46E5-BC99-49488FB6814C}.v2Debug|Any CPU.ActiveCfg = Debug|Any CPU
		{D81F5C91-D7DB-46E5-BC99-49488FB6814C}.v2Debug|Any CPU.Build.0 = Debug|Any CPU
		{D81F5C91-D7DB-46E5-BC99-49488FB6814C}.v2Release|Any CPU.ActiveCfg = Release|Any CPU
		{D81F5C91-D7DB-46E5-BC99-49488FB6814C}.v2Release|Any CPU.Build.0 = Release|Any CPU
		{D81F5C91-D7DB-46E5-BC99-49488FB6814C}.Win8Debug|Any CPU.ActiveCfg = Debug|Any CPU
		{D81F5C91-D7DB-46E5-BC99-49488FB6814C}.Win8Debug|Any CPU.Build.0 = Debug|Any CPU
		{D81F5C91-D7DB-46E5-BC99-49488FB6814C}.Win8Release|Any CPU.ActiveCfg = Release|Any CPU
		{D81F5C91-D7DB-46E5-BC99-49488FB6814C}.Win8Release|Any CPU.Build.0 = Release|Any CPU
		{D81F5C91-D7DB-46E5-BC99-49488FB6814C}.WP7Debug|Any CPU.ActiveCfg = Debug|Any CPU
		{D81F5C91-D7DB-46E5-BC99-49488FB6814C}.WP7Debug|Any CPU.Build.0 = Debug|Any CPU
		{D81F5C91-D7DB-46E5-BC99-49488FB6814C}.WP7Release|Any CPU.ActiveCfg = Release|Any CPU
		{D81F5C91-D7DB-46E5-BC99-49488FB6814C}.WP7Release|Any CPU.Build.0 = Release|Any CPU
		{AE1C04A8-B03D-4144-98E9-BF66C50265E7}.AndroidDebug|Any CPU.ActiveCfg = Debug|Any CPU
		{AE1C04A8-B03D-4144-98E9-BF66C50265E7}.AndroidDebug|Any CPU.Build.0 = Debug|Any CPU
		{AE1C04A8-B03D-4144-98E9-BF66C50265E7}.AndroidRelease|Any CPU.ActiveCfg = Release|Any CPU
		{AE1C04A8-B03D-4144-98E9-BF66C50265E7}.AndroidRelease|Any CPU.Build.0 = Release|Any CPU
		{AE1C04A8-B03D-4144-98E9-BF66C50265E7}.Debug|Any CPU.ActiveCfg = Debug|Any CPU
		{AE1C04A8-B03D-4144-98E9-BF66C50265E7}.Debug|Any CPU.Build.0 = Debug|Any CPU
		{AE1C04A8-B03D-4144-98E9-BF66C50265E7}.FxCop|Any CPU.ActiveCfg = Release|Any CPU
		{AE1C04A8-B03D-4144-98E9-BF66C50265E7}.FxCop|Any CPU.Build.0 = Release|Any CPU
		{AE1C04A8-B03D-4144-98E9-BF66C50265E7}.Release|Any CPU.ActiveCfg = Release|Any CPU
		{AE1C04A8-B03D-4144-98E9-BF66C50265E7}.Release|Any CPU.Build.0 = Release|Any CPU
		{AE1C04A8-B03D-4144-98E9-BF66C50265E7}.Silverlight4Debug|Any CPU.ActiveCfg = Debug|Any CPU
		{AE1C04A8-B03D-4144-98E9-BF66C50265E7}.Silverlight4Debug|Any CPU.Build.0 = Debug|Any CPU
		{AE1C04A8-B03D-4144-98E9-BF66C50265E7}.Silverlight4Release|Any CPU.ActiveCfg = Release|Any CPU
		{AE1C04A8-B03D-4144-98E9-BF66C50265E7}.Silverlight4Release|Any CPU.Build.0 = Release|Any CPU
		{AE1C04A8-B03D-4144-98E9-BF66C50265E7}.Silverlight5Debug|Any CPU.ActiveCfg = Debug|Any CPU
		{AE1C04A8-B03D-4144-98E9-BF66C50265E7}.Silverlight5Debug|Any CPU.Build.0 = Debug|Any CPU
		{AE1C04A8-B03D-4144-98E9-BF66C50265E7}.Silverlight5Release|Any CPU.ActiveCfg = Release|Any CPU
		{AE1C04A8-B03D-4144-98E9-BF66C50265E7}.Silverlight5Release|Any CPU.Build.0 = Release|Any CPU
		{AE1C04A8-B03D-4144-98E9-BF66C50265E7}.v2Debug|Any CPU.ActiveCfg = Debug|Any CPU
		{AE1C04A8-B03D-4144-98E9-BF66C50265E7}.v2Debug|Any CPU.Build.0 = Debug|Any CPU
		{AE1C04A8-B03D-4144-98E9-BF66C50265E7}.v2Release|Any CPU.ActiveCfg = Release|Any CPU
		{AE1C04A8-B03D-4144-98E9-BF66C50265E7}.v2Release|Any CPU.Build.0 = Release|Any CPU
		{AE1C04A8-B03D-4144-98E9-BF66C50265E7}.Win8Debug|Any CPU.ActiveCfg = Debug|Any CPU
		{AE1C04A8-B03D-4144-98E9-BF66C50265E7}.Win8Debug|Any CPU.Build.0 = Debug|Any CPU
		{AE1C04A8-B03D-4144-98E9-BF66C50265E7}.Win8Release|Any CPU.ActiveCfg = Release|Any CPU
		{AE1C04A8-B03D-4144-98E9-BF66C50265E7}.Win8Release|Any CPU.Build.0 = Release|Any CPU
		{AE1C04A8-B03D-4144-98E9-BF66C50265E7}.WP7Debug|Any CPU.ActiveCfg = Debug|Any CPU
		{AE1C04A8-B03D-4144-98E9-BF66C50265E7}.WP7Debug|Any CPU.Build.0 = Debug|Any CPU
		{AE1C04A8-B03D-4144-98E9-BF66C50265E7}.WP7Release|Any CPU.ActiveCfg = Release|Any CPU
		{AE1C04A8-B03D-4144-98E9-BF66C50265E7}.WP7Release|Any CPU.Build.0 = Release|Any CPU
		{321A7F5D-00C2-4095-9970-075CDEE8C139}.AndroidDebug|Any CPU.ActiveCfg = Debug|Any CPU
		{321A7F5D-00C2-4095-9970-075CDEE8C139}.AndroidDebug|Any CPU.Build.0 = Debug|Any CPU
		{321A7F5D-00C2-4095-9970-075CDEE8C139}.AndroidRelease|Any CPU.ActiveCfg = Release|Any CPU
		{321A7F5D-00C2-4095-9970-075CDEE8C139}.AndroidRelease|Any CPU.Build.0 = Release|Any CPU
		{321A7F5D-00C2-4095-9970-075CDEE8C139}.Debug|Any CPU.ActiveCfg = Debug|Any CPU
		{321A7F5D-00C2-4095-9970-075CDEE8C139}.Debug|Any CPU.Build.0 = Debug|Any CPU
		{321A7F5D-00C2-4095-9970-075CDEE8C139}.FxCop|Any CPU.ActiveCfg = Release|Any CPU
		{321A7F5D-00C2-4095-9970-075CDEE8C139}.FxCop|Any CPU.Build.0 = Release|Any CPU
		{321A7F5D-00C2-4095-9970-075CDEE8C139}.Release|Any CPU.ActiveCfg = Release|Any CPU
		{321A7F5D-00C2-4095-9970-075CDEE8C139}.Release|Any CPU.Build.0 = Release|Any CPU
		{321A7F5D-00C2-4095-9970-075CDEE8C139}.Silverlight4Debug|Any CPU.ActiveCfg = Debug|Any CPU
		{321A7F5D-00C2-4095-9970-075CDEE8C139}.Silverlight4Debug|Any CPU.Build.0 = Debug|Any CPU
		{321A7F5D-00C2-4095-9970-075CDEE8C139}.Silverlight4Release|Any CPU.ActiveCfg = Release|Any CPU
		{321A7F5D-00C2-4095-9970-075CDEE8C139}.Silverlight4Release|Any CPU.Build.0 = Release|Any CPU
		{321A7F5D-00C2-4095-9970-075CDEE8C139}.Silverlight5Debug|Any CPU.ActiveCfg = Debug|Any CPU
		{321A7F5D-00C2-4095-9970-075CDEE8C139}.Silverlight5Debug|Any CPU.Build.0 = Debug|Any CPU
		{321A7F5D-00C2-4095-9970-075CDEE8C139}.Silverlight5Release|Any CPU.ActiveCfg = Release|Any CPU
		{321A7F5D-00C2-4095-9970-075CDEE8C139}.Silverlight5Release|Any CPU.Build.0 = Release|Any CPU
		{321A7F5D-00C2-4095-9970-075CDEE8C139}.v2Debug|Any CPU.ActiveCfg = Debug|Any CPU
		{321A7F5D-00C2-4095-9970-075CDEE8C139}.v2Debug|Any CPU.Build.0 = Debug|Any CPU
		{321A7F5D-00C2-4095-9970-075CDEE8C139}.v2Release|Any CPU.ActiveCfg = Release|Any CPU
		{321A7F5D-00C2-4095-9970-075CDEE8C139}.v2Release|Any CPU.Build.0 = Release|Any CPU
		{321A7F5D-00C2-4095-9970-075CDEE8C139}.Win8Debug|Any CPU.ActiveCfg = Debug|Any CPU
		{321A7F5D-00C2-4095-9970-075CDEE8C139}.Win8Debug|Any CPU.Build.0 = Debug|Any CPU
		{321A7F5D-00C2-4095-9970-075CDEE8C139}.Win8Release|Any CPU.ActiveCfg = Release|Any CPU
		{321A7F5D-00C2-4095-9970-075CDEE8C139}.Win8Release|Any CPU.Build.0 = Release|Any CPU
		{321A7F5D-00C2-4095-9970-075CDEE8C139}.WP7Debug|Any CPU.ActiveCfg = Debug|Any CPU
		{321A7F5D-00C2-4095-9970-075CDEE8C139}.WP7Debug|Any CPU.Build.0 = Debug|Any CPU
		{321A7F5D-00C2-4095-9970-075CDEE8C139}.WP7Release|Any CPU.ActiveCfg = Release|Any CPU
		{321A7F5D-00C2-4095-9970-075CDEE8C139}.WP7Release|Any CPU.Build.0 = Release|Any CPU
	EndGlobalSection
	GlobalSection(SolutionProperties) = preSolution
		HideSolutionNode = FALSE
	EndGlobalSection
	GlobalSection(NestedProjects) = preSolution
		{E1D192DE-5347-48C4-A9F4-A8CBA2AF3869} = {0C9E246B-58B8-45EE-A163-0899E1BD4AAC}
		{D81F5C91-D7DB-46E5-BC99-49488FB6814C} = {0C9E246B-58B8-45EE-A163-0899E1BD4AAC}
		{AE1C04A8-B03D-4144-98E9-BF66C50265E7} = {0C9E246B-58B8-45EE-A163-0899E1BD4AAC}
		{321A7F5D-00C2-4095-9970-075CDEE8C139} = {0C9E246B-58B8-45EE-A163-0899E1BD4AAC}
	EndGlobalSection
EndGlobal
